
Microsoft Visual Studio Solution File, Format Version 12.00
# Visual Studio Version 17
VisualStudioVersion = 17.5.33627.172
MinimumVisualStudioVersion = 10.0.40219.1
Project("{FAE04EC0-301F-11D3-BF4B-00C04F79EFBC}") = "MVCIntroDemo", "MVCIntroDemo.csproj", "{DF82B534-A632-48BB-946E-5D10620E74E8}"
EndProject
Global
	GlobalSection(SolutionConfigurationPlatforms) = preSolution
		Debug|Any CPU = Debug|Any CPU
		Release|Any CPU = Release|Any CPU
	EndGlobalSection
	GlobalSection(ProjectConfigurationPlatforms) = postSolution
		{DF82B534-A632-48BB-946E-5D10620E74E8}.Debug|Any CPU.ActiveCfg = Debug|Any CPU
		{DF82B534-A632-48BB-946E-5D10620E74E8}.Debug|Any CPU.Build.0 = Debug|Any CPU
		{DF82B534-A632-48BB-946E-5D10620E74E8}.Release|Any CPU.ActiveCfg = Release|Any CPU
		{DF82B534-A632-48BB-946E-5D10620E74E8}.Release|Any CPU.Build.0 = Release|Any CPU
	EndGlobalSection
	GlobalSection(SolutionProperties) = preSolution
		HideSolutionNode = FALSE
	EndGlobalSection
	GlobalSection(ExtensibilityGlobals) = postSolution
		SolutionGuid = {D66F86A3-DB51-45FE-8AD8-14CE300E5EF2}
	EndGlobalSection
EndGlobal
